{
  "nodes": {
    "flake-utils": {
      "locked": {
        "lastModified": 1638122382,
        "narHash": "sha256-sQzZzAbvKEqN9s0bzWuYmRaA03v40gaJ4+iL1LXjaeI=",
        "owner": "numtide",
        "repo": "flake-utils",
        "rev": "74f7e4319258e287b0f9cb95426c9853b282730b",
        "type": "github"
      },
      "original": {
        "owner": "numtide",
        "repo": "flake-utils",
        "type": "github"
      }
    },
    "home-manager": {
      "inputs": {
        "nixpkgs": "nixpkgs"
      },
      "locked": {
        "lastModified": 1638150501,
        "narHash": "sha256-aWH3MRmjUtx8ciSGLegBJC5mhymsuroHPs74ZldrNTU=",
        "owner": "nix-community",
        "repo": "home-manager",
        "rev": "9de77227d7780518cfeaee5a917970247f3ecc56",
        "type": "github"
      },
      "original": {
        "owner": "nix-community",
        "repo": "home-manager",
        "type": "github"
      }
    },
    "nixos-hardware": {
      "locked": {
        "lastModified": 1638182287,
        "narHash": "sha256-vBzf+hbTJz2ZdXV/DWirl6wOO7tjdqzTIU+0FANt65U=",
        "owner": "NixOS",
        "repo": "nixos-hardware",
        "rev": "6b3f79de09c3de7c91ab51e55e87879f61b6faec",
        "type": "github"
      },
      "original": {
        "owner": "NixOS",
        "ref": "master",
        "repo": "nixos-hardware",
        "type": "github"
      }
    },
    "nixpkgs": {
      "locked": {
        "lastModified": 1638303385,
        "narHash": "sha256-766Hu/Hi9h6bPtxzLrzg2WMpATT06YHdI/brAS5w0wE=",
        "owner": "NixOS",
        "repo": "nixpkgs",
        "rev": "39b1caa278d8bd9d142dc4900e8ba2de78ddccc2",
        "type": "github"
      },
      "original": {
        "id": "nixpkgs",
        "type": "indirect"
      }
    },
    "nixpkgs_2": {
      "locked": {
        "lastModified": 1638189734,
        "narHash": "sha256-Vks5UgpFqbrSNi3RXaozVWAVEfueplN2WBPs2bRajHA=",
        "owner": "NixOS",
        "repo": "nixpkgs",
        "rev": "f366af7a1b3891d9370091ab03150d3a6ee138fa",
        "type": "github"
      },
      "original": {
        "owner": "NixOS",
        "ref": "nixpkgs-unstable",
        "repo": "nixpkgs",
        "type": "github"
      }
    },
    "nixpkgs_3": {
      "locked": {
        "lastModified": 1638097282,
        "narHash": "sha256-EXCzj9b8X/lqDPJapxZThIOKL5ASbpsJZ+8L1LnY1ig=",
        "owner": "NixOS",
        "repo": "nixpkgs",
        "rev": "78cb77b29d37a9663e05b61abb4fa09465da4b70",
        "type": "github"
      },
      "original": {
        "owner": "NixOS",
        "ref": "nixpkgs-unstable",
        "repo": "nixpkgs",
        "type": "github"
      }
    },
    "nur": {
      "locked": {
        "lastModified": 1638305512,
        "narHash": "sha256-9PuCctOfl5bIzvOinU+1pOA36eWwv8pinSqxQVOD0YY=",
        "owner": "nix-community",
        "repo": "NUR",
        "rev": "2bc33e1f24051f1046ca5a959bc793e9c7928d17",
        "type": "github"
      },
      "original": {
        "owner": "nix-community",
        "repo": "NUR",
        "type": "github"
      }
    },
    "root": {
      "inputs": {
        "flake-utils": "flake-utils",
        "home-manager": "home-manager",
        "nixos-hardware": "nixos-hardware",
        "nixpkgs": "nixpkgs_2",
        "nur": "nur",
        "sops-nix": "sops-nix"
      }
    },
    "sops-nix": {
      "inputs": {
        "nixpkgs": "nixpkgs_3"
      },
      "locked": {
        "lastModified": 1638188662,
        "narHash": "sha256-heLEbhH3W3GrtYDwacghCiO3g94QkJLW0LhErMWbT2g=",
        "owner": "Mic92",
        "repo": "sops-nix",
        "rev": "0e0dcc74bae23c7ef7fb6251c43c277b827e8c34",
        "type": "github"
      },
      "original": {
        "owner": "Mic92",
        "repo": "sops-nix",
        "type": "github"
      }
    }
  },
  "root": "root",
  "version": 7
}
