{
  "nodes": {
    "devel": {
      "locked": {
        "lastModified": 1641962624,
        "narHash": "sha256-3NdId7yNHoaCn7/utnP3wea5v8rZw8UHCp718RVsbtw=",
        "owner": "seandheath",
        "repo": "nixpkgs",
        "rev": "71bc8a9eee19004449508fec3bae40e94a2e1711",
        "type": "github"
      },
      "original": {
        "owner": "seandheath",
        "repo": "nixpkgs",
        "type": "github"
      }
    },
    "home-manager": {
      "inputs": {
        "nixpkgs": "nixpkgs"
      },
      "locked": {
        "lastModified": 1642117744,
        "narHash": "sha256-/SvxBe/m6JiRSlKIrgD6LQxee9GGewFyq+lsPxoViMY=",
        "owner": "nix-community",
        "repo": "home-manager",
        "rev": "a5dd5d5f197724f3065fd39c59c7ccea3c8dcb8f",
        "type": "github"
      },
      "original": {
        "owner": "nix-community",
        "repo": "home-manager",
        "type": "github"
      }
    },
    "nixos-hardware": {
      "locked": {
        "lastModified": 1641965797,
        "narHash": "sha256-AfxfIzAZbt9aAzpVBn0Bwhd/M4Wix7G91kEjm9H6FPo=",
        "owner": "NixOS",
        "repo": "nixos-hardware",
        "rev": "87a35a0d58f546dc23f37b4f6af575d0e4be6a7a",
        "type": "github"
      },
      "original": {
        "owner": "NixOS",
        "ref": "master",
        "repo": "nixos-hardware",
        "type": "github"
      }
    },
    "nixpkgs": {
      "locked": {
        "lastModified": 1642069818,
        "narHash": "sha256-666w6j8wl/bojfgpp0k58/UJ5rbrdYFbI2RFT2BXbSQ=",
        "owner": "NixOS",
        "repo": "nixpkgs",
        "rev": "46821ea01c8f54d2a20f5a503809abfc605269d7",
        "type": "github"
      },
      "original": {
        "id": "nixpkgs",
        "type": "indirect"
      }
    },
    "nixpkgs_2": {
      "locked": {
        "lastModified": 1642104392,
        "narHash": "sha256-m71b7MgMh9FDv4MnI5sg9MiBVW6DhE1zq+d/KlLWSC8=",
        "owner": "NixOS",
        "repo": "nixpkgs",
        "rev": "5aaed40d22f0d9376330b6fa413223435ad6fee5",
        "type": "github"
      },
      "original": {
        "owner": "NixOS",
        "ref": "nixos-unstable",
        "repo": "nixpkgs",
        "type": "github"
      }
    },
    "nixpkgs_3": {
      "locked": {
        "lastModified": 1638097282,
        "narHash": "sha256-EXCzj9b8X/lqDPJapxZThIOKL5ASbpsJZ+8L1LnY1ig=",
        "owner": "NixOS",
        "repo": "nixpkgs",
        "rev": "78cb77b29d37a9663e05b61abb4fa09465da4b70",
        "type": "github"
      },
      "original": {
        "owner": "NixOS",
        "ref": "nixpkgs-unstable",
        "repo": "nixpkgs",
        "type": "github"
      }
    },
    "root": {
      "inputs": {
        "devel": "devel",
        "home-manager": "home-manager",
        "nixos-hardware": "nixos-hardware",
        "nixpkgs": "nixpkgs_2",
        "sops-nix": "sops-nix",
        "unstable": "unstable"
      }
    },
    "sops-nix": {
      "inputs": {
        "nixpkgs": "nixpkgs_3"
      },
      "locked": {
        "lastModified": 1641374494,
        "narHash": "sha256-a56G6Um43+0+n+yNYhRCh/mSvDdRVzQHSKcFaDEB9/8=",
        "owner": "Mic92",
        "repo": "sops-nix",
        "rev": "7edb4b080023ef12f39262a3aa7aab31015a7a0e",
        "type": "github"
      },
      "original": {
        "owner": "Mic92",
        "repo": "sops-nix",
        "type": "github"
      }
    },
    "unstable": {
      "locked": {
        "lastModified": 1642104392,
        "narHash": "sha256-m71b7MgMh9FDv4MnI5sg9MiBVW6DhE1zq+d/KlLWSC8=",
        "owner": "NixOS",
        "repo": "nixpkgs",
        "rev": "5aaed40d22f0d9376330b6fa413223435ad6fee5",
        "type": "github"
      },
      "original": {
        "owner": "NixOS",
        "ref": "nixos-unstable",
        "repo": "nixpkgs",
        "type": "github"
      }
    }
  },
  "root": "root",
  "version": 7
}
